# This is an Anaconda project lock file.
# The lock file locks down exact versions of all your dependencies.
#
# In most cases, this file is automatically maintained by the `anaconda-project` command or GUI tools.
# It's best to keep this file in revision control (such as git or svn).
# The file is in YAML format, please see http://www.yaml.org/start.html for more.
#

#
# Set to false to ignore locked versions.
#
locking_enabled: true

#
# A key goes in here for each env spec.
#
env_specs:
  ipyradiant:
    locked: false
  dev:
    locked: true
    env_spec_hash: d07fb702f1592f43f1f6e8934ae5520673c667ec
    platforms:
      - linux-64
      - osx-64
      - win-64
    packages:
      all:
        - argon2-cffi=21.3.0=pyhd8ed1ab_0
        - asttokens=2.0.5=pyhd8ed1ab_0
        - attrs=21.4.0=pyhd8ed1ab_0
        - babel=2.10.1=pyhd8ed1ab_0
        - backcall=0.2.0=pyh9f0ad1d_0
        - backports.functools_lru_cache=1.6.4=pyhd8ed1ab_0
        - backports=1.0=py_2
        - beautifulsoup4=4.11.1=pyha770c72_0
        - bleach=5.0.0=pyhd8ed1ab_0
        - cachetools=5.0.0=pyhd8ed1ab_0
        - charset-normalizer=2.0.12=pyhd8ed1ab_0
        - cloudpickle=2.0.0=pyhd8ed1ab_0
        - colorama=0.4.4=pyh9f0ad1d_0
        - colorcet=3.0.0=pyhd8ed1ab_0
        - cycler=0.11.0=pyhd8ed1ab_0
        - dask-core=2022.5.0=pyhd8ed1ab_0
        - dask=2022.5.0=pyhd8ed1ab_0
        - dataclasses=0.8=pyhc8e2a94_3
        - datashader=0.14.0=pyh6c4a22f_0
        - datashape=0.5.4=py_1
        - decorator=5.1.1=pyhd8ed1ab_0
        - defusedxml=0.7.1=pyhd8ed1ab_0
        - distributed=2022.5.0=pyhd8ed1ab_0
        - entrypoints=0.4=pyhd8ed1ab_0
        - executing=0.8.3=pyhd8ed1ab_0
        - flit-core=3.7.1=pyhd8ed1ab_0
        - fsspec=2022.3.0=pyhd8ed1ab_0
        - heapdict=1.0.1=py_0
        - holoviews=1.14.9=pyhd8ed1ab_0
        - html5lib=1.1=pyh9f0ad1d_0
        - hvplot=0.8.0=pyh6c4a22f_0
        - idna=3.3=pyhd8ed1ab_0
        - imageio=2.19.1=pyhcf75d05_0
        - importlib_metadata=4.11.3=hd8ed1ab_1
        - importlib_resources=5.7.1=pyhd8ed1ab_0
        - importnb=0.7.0=pyhd8ed1ab_0
        - iniconfig=1.1.1=pyh9f0ad1d_0
        - ipycytoscape=1.3.3=pyh1d7be83_0
        - ipython_genutils=0.2.0=py_1
        - ipywidgets=7.7.0=pyhd8ed1ab_0
        - isodate=0.6.1=pyhd8ed1ab_0
        - jinja2=3.1.2=pyhd8ed1ab_0
        - json5=0.9.5=pyh9f0ad1d_0
        - jsonschema=4.5.1=pyhd8ed1ab_0
        - jupyter_client=7.3.1=pyhd8ed1ab_0
        - jupyter_server=1.17.0=pyhd8ed1ab_0
        - jupyterlab=3.4.0=pyhd8ed1ab_0
        - jupyterlab_pygments=0.2.2=pyhd8ed1ab_0
        - jupyterlab_server=2.13.0=pyhd8ed1ab_1
        - jupyterlab_widgets=1.1.0=pyhd8ed1ab_0
        - keepalive=0.5=pyhd8ed1ab_6
        - locket=1.0.0=pyhd8ed1ab_0
        - markdown=3.3.7=pyhd8ed1ab_0
        - matplotlib-inline=0.1.3=pyhd8ed1ab_0
        - multipledispatch=0.6.0=py_0
        - munkres=1.1.4=pyh9f0ad1d_0
        - nbclassic=0.3.7=pyhd8ed1ab_0
        - nbclient=0.6.3=pyhd8ed1ab_0
        - nbconvert-core=6.5.0=pyhd8ed1ab_0
        - nbconvert-pandoc=6.5.0=pyhd8ed1ab_0
        - nbconvert=6.5.0=pyhd8ed1ab_0
        - nbformat=5.4.0=pyhd8ed1ab_0
        - nest-asyncio=1.5.5=pyhd8ed1ab_0
        - networkx=2.8=pyhd8ed1ab_0
        - notebook-shim=0.1.0=pyhd8ed1ab_0
        - notebook=6.4.11=pyha770c72_0
        - owlrl=6.0.2=pyhd8ed1ab_0
        - packaging=21.3=pyhd8ed1ab_0
        - pandocfilters=1.5.0=pyhd8ed1ab_0
        - panel=0.13.0=pyhd8ed1ab_1
        - param=1.12.1=pyh6c4a22f_0
        - parso=0.8.3=pyhd8ed1ab_0
        - partd=1.2.0=pyhd8ed1ab_0
        - pickleshare=0.7.5=py_1003
        - pip=22.0.4=pyhd8ed1ab_0
        - prettytable=2.5.0=pyhd8ed1ab_0
        - prometheus_client=0.14.1=pyhd8ed1ab_0
        - prompt-toolkit=3.0.29=pyha770c72_0
        - pure_eval=0.2.2=pyhd8ed1ab_0
        - py=1.11.0=pyh6c4a22f_0
        - pycparser=2.21=pyhd8ed1ab_0
        - pyct-core=0.4.6=py_0
        - pyct=0.4.6=py_0
        - pygments=2.12.0=pyhd8ed1ab_0
        - pyld=2.0.3=pyh9f0ad1d_0
        - pyopenssl=22.0.0=pyhd8ed1ab_0
        - pyparsing=3.0.8=pyhd8ed1ab_0
        - pyshacl=0.19.0=pyhd8ed1ab_0
        - pytest-cov=3.0.0=pyhd8ed1ab_0
        - python-dateutil=2.8.2=pyhd8ed1ab_0
        - python-fastjsonschema=2.15.3=pyhd8ed1ab_0
        - python_abi=3.9=2_cp39
        - pytz=2022.1=pyhd8ed1ab_0
        - pyviz_comms=2.2.0=pyhd8ed1ab_0
        - rdflib=6.1.1=pyhd8ed1ab_0
        - requests=2.27.1=pyhd8ed1ab_0
        - requests_cache=0.4.13=py_0
        - send2trash=1.8.0=pyhd8ed1ab_0
        - six=1.16.0=pyh6c4a22f_0
        - sortedcontainers=2.4.0=pyhd8ed1ab_0
        - soupsieve=2.3.1=pyhd8ed1ab_0
        - spectate=1.0.1=pyhd8ed1ab_0
        - stack_data=0.2.0=pyhd8ed1ab_0
        - tblib=1.7.0=pyhd8ed1ab_0
        - tifffile=2022.5.4=pyhd8ed1ab_0
        - tinycss2=1.1.1=pyhd8ed1ab_0
        - toml=0.10.2=pyhd8ed1ab_0
        - tomli=2.0.1=pyhd8ed1ab_0
        - toolz=0.11.2=pyhd8ed1ab_0
        - tqdm=4.64.0=pyhd8ed1ab_0
        - traitlets=5.1.1=pyhd8ed1ab_0
        - traittypes=0.2.1=pyh9f0ad1d_2
        - typing_extensions=4.2.0=pyha770c72_1
        - tzdata=2022a=h191b570_0
        - urllib3=1.26.9=pyhd8ed1ab_0
        - wcwidth=0.2.5=pyh9f0ad1d_2
        - webencodings=0.5.1=py_1
        - websocket-client=1.3.2=pyhd8ed1ab_0
        - wheel=0.37.1=pyhd8ed1ab_0
        - xarray=2022.3.0=pyhd8ed1ab_0
        - zict=2.2.0=pyhd8ed1ab_0
        - zipp=3.8.0=pyhd8ed1ab_0
      unix:
        - pexpect=4.8.0=pyh9f0ad1d_2
        - ptyprocess=0.7.0=pyhd3deb0d_0
      linux-64:
        - _libgcc_mutex=0.1=conda_forge
        - _openmp_mutex=4.5=2_gnu
        - anyio=3.5.0=py39hf3d152e_0
        - aom=3.3.0=h27087fc_1
        - argon2-cffi-bindings=21.2.0=py39hb9d737c_2
        - blosc=1.21.1=h56a5e14_1
        - bokeh=2.4.2=py39hf3d152e_1
        - brotli-bin=1.0.9=h166bdaf_7
        - brotli=1.0.9=h166bdaf_7
        - brotlipy=0.7.0=py39hb9d737c_1004
        - brunsli=0.1=h9c3ff4c_0
        - bzip2=1.0.8=h7f98852_4
        - c-ares=1.18.1=h7f98852_0
        - c-blosc2=2.1.1=h7a311fb_0
        - ca-certificates=2021.10.8=ha878542_0
        - certifi=2021.10.8=py39hf3d152e_2
        - cffi=1.15.0=py39h4bc2ebd_0
        - cfitsio=4.1.0=hd9d235c_0
        - charls=2.3.4=h9c3ff4c_0
        - click=8.1.3=py39hf3d152e_0
        - coverage=6.3.2=py39hb9d737c_2
        - cryptography=36.0.2=py39hd97740a_1
        - cytoolz=0.11.2=py39hb9d737c_2
        - debugpy=1.6.0=py39h5a03fae_0
        - fonttools=4.33.3=py39hb9d737c_0
        - freetype=2.10.4=h0708190_1
        - frozendict=2.3.2=py39hb9d737c_0
        - giflib=5.2.1=h36c2ea0_2
        - icu=68.2=h9c3ff4c_0
        - imagecodecs=2022.2.22=py39h9c0c3a3_4
        - importlib-metadata=4.11.3=py39hf3d152e_1
        - ipykernel=6.13.0=py39hef51801_0
        - ipython=8.3.0=py39hf3d152e_0
        - jbig=2.1=h7f98852_2003
        - jedi=0.18.1=py39hf3d152e_1
        - jpeg=9e=h166bdaf_1
        - jupyter_core=4.9.2=py39hf3d152e_0
        - jxrlib=1.1=h7f98852_2
        - keyutils=1.6.1=h166bdaf_0
        - kiwisolver=1.4.2=py39hf939315_1
        - krb5=1.19.3=h3790be6_0
        - lcms2=2.12=hddcbb42_0
        - ld_impl_linux-64=2.36.1=hea4e1c9_2
        - lerc=3.0=h9c3ff4c_0
        - libaec=1.0.6=h9c3ff4c_0
        - libavif=0.10.1=h166bdaf_0
        - libblas=3.9.0=14_linux64_openblas
        - libbrotlicommon=1.0.9=h166bdaf_7
        - libbrotlidec=1.0.9=h166bdaf_7
        - libbrotlienc=1.0.9=h166bdaf_7
        - libcblas=3.9.0=14_linux64_openblas
        - libcurl=7.83.0=h7bff187_0
        - libdeflate=1.10=h7f98852_0
        - libedit=3.1.20191231=he28a2e2_2
        - libev=4.33=h516909a_1
        - libffi=3.4.2=h7f98852_5
        - libgcc-ng=11.2.0=h1d223b6_16
        - libgfortran-ng=11.2.0=h69a702a_16
        - libgfortran5=11.2.0=h5c6108e_16
        - libgomp=11.2.0=h1d223b6_16
        - libiconv=1.16=h516909a_0
        - liblapack=3.9.0=14_linux64_openblas
        - libllvm10=10.0.1=he513fc3_3
        - libnghttp2=1.47.0=h727a467_0
        - libnsl=2.0.0=h7f98852_0
        - libopenblas=0.3.20=pthreads_h78a6416_0
        - libpng=1.6.37=h21135ba_2
        - libsodium=1.0.18=h36c2ea0_1
        - libssh2=1.10.0=ha56f1ee_2
        - libstdcxx-ng=11.2.0=he4da1e4_16
        - libtiff=4.3.0=h542a066_3
        - libuuid=2.32.1=h7f98852_1000
        - libuv=1.42.0=h7f98852_0
        - libwebp-base=1.2.2=h7f98852_1
        - libwebp=1.2.2=h3452ae3_0
        - libxcb=1.13=h7f98852_1004
        - libxml2=2.9.12=h72842e0_0
        - libxslt=1.1.33=h15afd5d_2
        - libzlib=1.2.11=h166bdaf_1014
        - libzopfli=1.0.3=h9c3ff4c_0
        - llvmlite=0.36.0=py39h1bbdace_0
        - lxml=4.8.0=py39hb9d737c_2
        - lz4-c=1.9.3=h9c3ff4c_1
        - lz4=4.0.0=py39h029007f_1
        - markupsafe=2.1.1=py39hb9d737c_1
        - matplotlib-base=3.5.2=py39h700656a_0
        - mistune=0.8.4=py39h3811e60_1005
        - msgpack-python=1.0.3=py39hf939315_1
        - ncurses=6.3=h27087fc_1
        - nodejs=12.22.6=h8b53aa1_0
        - numba=0.53.1=py39h56b8d98_1
        - numpy=1.22.3=py39hc58783e_2
        - openjpeg=2.4.0=hb52868f_1
        - openssl=1.1.1o=h166bdaf_0
        - pandas=1.4.2=py39h1832856_1
        - pandoc=2.18=ha770c72_0
        - pillow=9.1.0=py39hae2aec6_2
        - pluggy=1.0.0=py39hf3d152e_3
        - psutil=5.9.0=py39hb9d737c_1
        - pthread-stubs=0.4=h36c2ea0_1001
        - pyrsistent=0.18.1=py39hb9d737c_1
        - pysocks=1.7.1=py39hf3d152e_5
        - pytest=7.1.2=py39hf3d152e_0
        - python=3.9.12=h9a8a25e_1_cpython
        - pywavelets=1.3.0=py39hd257fcd_1
        - pyyaml=6.0=py39hb9d737c_4
        - pyzmq=22.3.0=py39headdf64_2
        - readline=8.1=h46c0cb4_0
        - scikit-image=0.19.2=py39hde0f152_0
        - scipy=1.8.0=py39hee8e79c_1
        - setuptools=62.1.0=py39hf3d152e_0
        - snappy=1.1.9=hbd366e4_0
        - sniffio=1.2.0=py39hf3d152e_3
        - sparqlwrapper=1.8.5=py39hf3d152e_1006
        - sqlite=3.38.5=h4ff8645_0
        - terminado=0.13.3=py39hf3d152e_1
        - tk=8.6.12=h27826a3_0
        - tornado=6.1=py39hb9d737c_3
        - unicodedata2=14.0.0=py39hb9d737c_1
        - widgetsnbextension=3.6.0=py39hf3d152e_0
        - xorg-libxau=1.0.9=h7f98852_0
        - xorg-libxdmcp=1.1.3=h7f98852_0
        - xz=5.2.5=h516909a_1
        - yaml=0.2.5=h7f98852_2
        - zeromq=4.3.4=h9c3ff4c_1
        - zfp=0.5.5=h9c3ff4c_8
        - zlib-ng=2.0.6=h166bdaf_0
        - zlib=1.2.11=h166bdaf_1014
        - zstd=1.5.2=ha95c52a_0
      osx-64:
        - anyio=3.5.0=py39h6e9494a_0
        - aom=3.3.0=h96cf925_1
        - appnope=0.1.3=pyhd8ed1ab_0
        - argon2-cffi-bindings=21.2.0=py39h63b48b0_2
        - blosc=1.21.1=h6b673d3_1
        - bokeh=2.4.2=py39h6e9494a_1
        - brotli-bin=1.0.9=h5eb16cf_7
        - brotli=1.0.9=h5eb16cf_7
        - brotlipy=0.7.0=py39h63b48b0_1004
        - brunsli=0.1=h046ec9c_0
        - bzip2=1.0.8=h0d85af4_4
        - c-ares=1.18.1=h0d85af4_0
        - c-blosc2=2.1.1=h2699725_0
        - ca-certificates=2021.10.8=h033912b_0
        - certifi=2021.10.8=py39h6e9494a_2
        - cffi=1.15.0=py39he338e87_0
        - cfitsio=4.1.0=h2c97ad1_0
        - charls=2.3.4=he49afe7_0
        - click=8.1.3=py39h6e9494a_0
        - coverage=6.3.2=py39h63b48b0_2
        - cryptography=36.0.2=py39h1644bb1_1
        - cytoolz=0.11.2=py39h63b48b0_2
        - debugpy=1.6.0=py39hfd1d529_0
        - fonttools=4.33.3=py39h701faf5_0
        - freetype=2.10.4=h4cff582_1
        - frozendict=2.3.2=py39h701faf5_0
        - giflib=5.2.1=hbcb3906_2
        - icu=68.2=he49afe7_0
        - imagecodecs=2022.2.22=py39h42efd52_4
        - importlib-metadata=4.11.3=py39h6e9494a_1
        - ipykernel=6.13.0=py39h71a6800_0
        - ipython=8.3.0=py39h6e9494a_0
        - jbig=2.1=h0d85af4_2003
        - jedi=0.18.1=py39h6e9494a_1
        - jpeg=9e=h5eb16cf_1
        - jupyter_core=4.9.2=py39h6e9494a_0
        - jxrlib=1.1=h35c211d_2
        - kiwisolver=1.4.2=py39h7248d28_1
        - krb5=1.19.3=hb49756b_0
        - lcms2=2.12=h577c468_0
        - lerc=3.0=he49afe7_0
        - libaec=1.0.6=he49afe7_0
        - libavif=0.10.1=h5eb16cf_0
        - libblas=3.9.0=14_osx64_openblas
        - libbrotlicommon=1.0.9=h5eb16cf_7
        - libbrotlidec=1.0.9=h5eb16cf_7
        - libbrotlienc=1.0.9=h5eb16cf_7
        - libcblas=3.9.0=14_osx64_openblas
        - libcurl=7.83.0=h372c54d_0
        - libcxx=14.0.3=hc203e6f_0
        - libdeflate=1.10=h0d85af4_0
        - libedit=3.1.20191231=h0678c8f_2
        - libev=4.33=haf1e3a3_1
        - libffi=3.4.2=h0d85af4_5
        - libgfortran5=9.3.0=h6c81a4c_23
        - libgfortran=5.0.0=9_3_0_h6c81a4c_23
        - libiconv=1.16=haf1e3a3_0
        - liblapack=3.9.0=14_osx64_openblas
        - libllvm10=10.0.1=h009f743_3
        - libnghttp2=1.47.0=h942079c_0
        - libopenblas=0.3.20=openmp_hb3cd9ec_0
        - libpng=1.6.37=h7cec526_2
        - libsodium=1.0.18=hbcb3906_1
        - libssh2=1.10.0=h52ee1ee_2
        - libtiff=4.3.0=h17f2ce3_3
        - libuv=1.42.0=h0d85af4_0
        - libwebp-base=1.2.2=h0d85af4_1
        - libwebp=1.2.2=h28dabe5_0
        - libxcb=1.13=h0d85af4_1004
        - libxml2=2.9.12=h93ec3fd_0
        - libxslt=1.1.33=h5739fc3_2
        - libzlib=1.2.11=h6c3fc93_1014
        - libzopfli=1.0.3=h046ec9c_0
        - llvm-openmp=14.0.3=ha654fa7_0
        - llvmlite=0.36.0=py39h798a4f4_0
        - lxml=4.8.0=py39h63b48b0_2
        - lz4-c=1.9.3=he49afe7_1
        - lz4=4.0.0=py39hb225d64_1
        - markupsafe=2.1.1=py39h63b48b0_1
        - matplotlib-base=3.5.2=py39h64a0072_0
        - mistune=0.8.4=py39h89e85a6_1005
        - msgpack-python=1.0.3=py39h7248d28_1
        - ncurses=6.3=h96cf925_1
        - nodejs=12.22.6=hf294227_0
        - numba=0.53.1=py39h32e38f5_1
        - numpy=1.22.3=py39h214027c_2
        - openjpeg=2.4.0=h6e7aa92_1
        - openssl=1.1.1o=hfe4f2af_0
        - pandas=1.4.2=py39hbd61c47_1
        - pandoc=2.18=h694c41f_0
        - pillow=9.1.0=py39hd2c7aa1_2
        - pluggy=1.0.0=py39h6e9494a_3
        - psutil=5.9.0=py39h63b48b0_1
        - pthread-stubs=0.4=hc929b4f_1001
        - pyrsistent=0.18.1=py39h63b48b0_1
        - pysocks=1.7.1=py39h6e9494a_5
        - pytest=7.1.2=py39h6e9494a_0
        - python=3.9.12=h8b4d769_1_cpython
        - pywavelets=1.3.0=py39h86b5767_1
        - pyyaml=6.0=py39h63b48b0_4
        - pyzmq=22.3.0=py39hc2dc7ec_2
        - readline=8.1=h05e3726_0
        - scikit-image=0.19.2=py39h4d6be9b_0
        - scipy=1.8.0=py39h056f1c0_1
        - setuptools=62.1.0=py39h6e9494a_0
        - snappy=1.1.9=h6e38e02_0
        - sniffio=1.2.0=py39h6e9494a_3
        - sparqlwrapper=1.8.5=py39h6e9494a_1006
        - sqlite=3.38.5=hd9f0692_0
        - terminado=0.13.3=py39h6e9494a_1
        - tk=8.6.12=h5dbffcc_0
        - tornado=6.1=py39h63b48b0_3
        - unicodedata2=14.0.0=py39h63b48b0_1
        - widgetsnbextension=3.6.0=py39h6e9494a_0
        - xorg-libxau=1.0.9=h35c211d_0
        - xorg-libxdmcp=1.1.3=h35c211d_0
        - xz=5.2.5=haf1e3a3_1
        - yaml=0.2.5=h0d85af4_2
        - zeromq=4.3.4=he49afe7_1
        - zfp=0.5.5=h4a89273_8
        - zlib-ng=2.0.6=hac89ed1_0
        - zlib=1.2.11=h6c3fc93_1014
        - zstd=1.5.2=h582d3a0_0
      win-64:
        - anyio=3.5.0=py39hcbf5309_0
        - aom=3.3.0=h0e60522_1
        - argon2-cffi-bindings=21.2.0=py39hb82d6ee_2
        - atomicwrites=1.4.0=pyh9f0ad1d_0
        - blosc=1.21.1=hf5c711b_1
        - bokeh=2.4.2=py39hcbf5309_1
        - brotli-bin=1.0.9=h8ffe710_7
        - brotli=1.0.9=h8ffe710_7
        - brotlipy=0.7.0=py39hb82d6ee_1004
        - bzip2=1.0.8=h8ffe710_4
        - c-blosc2=2.1.1=h09319c2_0
        - ca-certificates=2021.10.8=h5b45459_0
        - certifi=2021.10.8=py39hcbf5309_2
        - cffi=1.15.0=py39h0878f49_0
        - cfitsio=4.1.0=h5a969a9_0
        - charls=2.3.4=h39d44d4_0
        - click=8.1.3=py39hcbf5309_0
        - coverage=6.3.2=py39hb82d6ee_2
        - cryptography=36.0.2=py39h7bc7c5c_1
        - cytoolz=0.11.2=py39hb82d6ee_2
        - debugpy=1.6.0=py39h415ef7b_0
        - fonttools=4.33.3=py39hb82d6ee_0
        - freetype=2.10.4=h546665d_1
        - frozendict=2.3.2=py39hb82d6ee_0
        - giflib=5.2.1=h8d14728_2
        - imagecodecs=2022.2.22=py39hc1e9cd8_4
        - importlib-metadata=4.11.3=py39hcbf5309_1
        - intel-openmp=2022.0.0=h57928b3_3663
        - ipykernel=6.13.0=py39h832f523_0
        - ipython=8.3.0=py39hcbf5309_0
        - jbig=2.1=h8d14728_2003
        - jedi=0.18.1=py39hcbf5309_1
        - jpeg=9e=h8ffe710_1
        - jupyter_core=4.9.2=py39hcbf5309_0
        - jxrlib=1.1=h8ffe710_2
        - kiwisolver=1.4.2=py39h2e07f2f_1
        - krb5=1.19.3=h1176d77_0
        - lcms2=2.12=h2a16943_0
        - lerc=3.0=h0e60522_0
        - libaec=1.0.6=h39d44d4_0
        - libavif=0.10.1=h8ffe710_0
        - libblas=3.9.0=8_mkl
        - libbrotlicommon=1.0.9=h8ffe710_7
        - libbrotlidec=1.0.9=h8ffe710_7
        - libbrotlienc=1.0.9=h8ffe710_7
        - libcblas=3.9.0=8_mkl
        - libcurl=7.83.0=h789b8ee_0
        - libdeflate=1.10=h8ffe710_0
        - libffi=3.4.2=h8ffe710_5
        - libiconv=1.16=he774522_0
        - liblapack=3.9.0=8_mkl
        - libpng=1.6.37=h1d00b33_2
        - libsodium=1.0.18=h8d14728_1
        - libssh2=1.10.0=h680486a_2
        - libtiff=4.3.0=hc4061b1_3
        - libwebp-base=1.2.2=h8ffe710_1
        - libwebp=1.2.2=h57928b3_0
        - libxcb=1.13=hcd874cb_1004
        - libxml2=2.9.14=hf5bbc77_0
        - libxslt=1.1.33=h34f844d_4
        - libzlib=1.2.11=h8ffe710_1014
        - libzopfli=1.0.3=h0e60522_0
        - llvmlite=0.36.0=py39ha0cd8c8_0
        - lxml=4.8.0=py39hb82d6ee_3
        - lz4-c=1.9.3=h8ffe710_1
        - lz4=4.0.0=py39h0878066_1
        - m2w64-gcc-libgfortran=5.3.0=6
        - m2w64-gcc-libs-core=5.3.0=7
        - m2w64-gcc-libs=5.3.0=7
        - m2w64-gmp=6.1.0=2
        - m2w64-libwinpthread-git=5.0.0.4634.697f757=2
        - markupsafe=2.1.1=py39hb82d6ee_1
        - matplotlib-base=3.5.2=py39h581301d_0
        - mistune=0.8.4=py39hb82d6ee_1005
        - mkl=2020.4=hb70f87d_311
        - msgpack-python=1.0.3=py39h2e07f2f_1
        - msys2-conda-epoch=20160418=1
        - nodejs=12.22.6=h57928b3_0
        - numba=0.53.1=py39hb8cd55e_1
        - numpy=1.22.3=py39h0948cea_2
        - openjpeg=2.4.0=hb211442_1
        - openssl=1.1.1o=h8ffe710_0
        - pandas=1.4.2=py39h2e25243_1
        - pandoc=2.18=h57928b3_0
        - pillow=9.1.0=py39ha53f419_2
        - pluggy=1.0.0=py39hcbf5309_3
        - psutil=5.9.0=py39hb82d6ee_1
        - pthread-stubs=0.4=hcd874cb_1001
        - pyrsistent=0.18.1=py39hb82d6ee_1
        - pysocks=1.7.1=py39hcbf5309_5
        - pytest=7.1.2=py39hcbf5309_0
        - python=3.9.12=h9a09f29_1_cpython
        - pywavelets=1.3.0=py39h5d4886f_1
        - pywin32=303=py39hb82d6ee_0
        - pywinpty=2.0.5=py39h99910a6_1
        - pyyaml=6.0=py39hb82d6ee_4
        - pyzmq=22.3.0=py39he46f08e_2
        - scikit-image=0.19.2=py39h2e25243_0
        - scipy=1.8.0=py39hc0c34ad_1
        - setuptools=62.1.0=py39hcbf5309_0
        - snappy=1.1.9=h82413e6_0
        - sniffio=1.2.0=py39hcbf5309_3
        - sparqlwrapper=1.8.5=py39hcbf5309_1006
        - sqlite=3.38.5=h8ffe710_0
        - terminado=0.13.3=py39hcbf5309_1
        - tk=8.6.12=h8ffe710_0
        - tornado=6.1=py39hb82d6ee_3
        - ucrt=10.0.20348.0=h57928b3_0
        - unicodedata2=14.0.0=py39hb82d6ee_1
        - vc=14.2=hb210afc_6
        - vs2015_runtime=14.29.30037=h902a5da_6
        - widgetsnbextension=3.6.0=py39hcbf5309_0
        - win_inet_pton=1.1.0=py39hcbf5309_4
        - winpty=0.4.3=4
        - xorg-libxau=1.0.9=hcd874cb_0
        - xorg-libxdmcp=1.1.3=hcd874cb_0
        - xz=5.2.5=h62dcd97_1
        - yaml=0.2.5=h8ffe710_2
        - zeromq=4.3.4=h0e60522_1
        - zfp=0.5.5=h0e60522_8
        - zlib=1.2.11=h8ffe710_1014
        - zstd=1.5.2=h6255e5f_0
  qa:
    locked: true
    env_spec_hash: 9fea8afda81f8427c462a10d6e44b6cded1f6d0d
    platforms:
      - linux-64
      - osx-64
      - win-64
    packages:
      all:
        - argon2-cffi=21.3.0=pyhd8ed1ab_0
        - asttokens=2.0.5=pyhd8ed1ab_0
        - attrs=21.4.0=pyhd8ed1ab_0
        - babel=2.10.1=pyhd8ed1ab_0
        - backcall=0.2.0=pyh9f0ad1d_0
        - backports.functools_lru_cache=1.6.4=pyhd8ed1ab_0
        - backports=1.0=py_2
        - beautifulsoup4=4.11.1=pyha770c72_0
        - black=22.3.0=pyhd8ed1ab_0
        - bleach=5.0.0=pyhd8ed1ab_0
        - charset-normalizer=2.0.12=pyhd8ed1ab_0
        - dataclasses=0.8=pyhc8e2a94_3
        - decorator=5.1.1=pyhd8ed1ab_0
        - defusedxml=0.7.1=pyhd8ed1ab_0
        - entrypoints=0.4=pyhd8ed1ab_0
        - executing=0.8.3=pyhd8ed1ab_0
        - flake8=4.0.1=pyhd8ed1ab_2
        - flit-core=3.7.1=pyhd8ed1ab_0
        - idna=3.3=pyhd8ed1ab_0
        - importlib_metadata=4.11.3=hd8ed1ab_1
        - importlib_resources=5.7.1=pyhd8ed1ab_0
        - ipython_genutils=0.2.0=py_1
        - isort=5.10.1=pyhd8ed1ab_0
        - jinja2=3.1.2=pyhd8ed1ab_0
        - json5=0.9.5=pyh9f0ad1d_0
        - jsonschema=4.5.1=pyhd8ed1ab_0
        - jupyter_client=7.3.1=pyhd8ed1ab_0
        - jupyter_server=1.17.0=pyhd8ed1ab_0
        - jupyterlab=3.4.0=pyhd8ed1ab_0
        - jupyterlab_pygments=0.2.2=pyhd8ed1ab_0
        - jupyterlab_server=2.13.0=pyhd8ed1ab_1
        - matplotlib-inline=0.1.3=pyhd8ed1ab_0
        - mccabe=0.6.1=py_1
        - nbclassic=0.3.7=pyhd8ed1ab_0
        - nbclient=0.6.3=pyhd8ed1ab_0
        - nbconvert-core=6.5.0=pyhd8ed1ab_0
        - nbconvert-pandoc=6.5.0=pyhd8ed1ab_0
        - nbconvert=6.5.0=pyhd8ed1ab_0
        - nbformat=5.4.0=pyhd8ed1ab_0
        - nest-asyncio=1.5.5=pyhd8ed1ab_0
        - notebook-shim=0.1.0=pyhd8ed1ab_0
        - notebook=6.4.11=pyha770c72_0
        - packaging=21.3=pyhd8ed1ab_0
        - pandocfilters=1.5.0=pyhd8ed1ab_0
        - parso=0.8.3=pyhd8ed1ab_0
        - pathspec=0.9.0=pyhd8ed1ab_0
        - pickleshare=0.7.5=py_1003
        - platformdirs=2.5.1=pyhd8ed1ab_0
        - prometheus_client=0.14.1=pyhd8ed1ab_0
        - prompt-toolkit=3.0.29=pyha770c72_0
        - pure_eval=0.2.2=pyhd8ed1ab_0
        - pycodestyle=2.8.0=pyhd8ed1ab_0
        - pycparser=2.21=pyhd8ed1ab_0
        - pyflakes=2.4.0=pyhd8ed1ab_0
        - pygments=2.12.0=pyhd8ed1ab_0
        - pyopenssl=22.0.0=pyhd8ed1ab_0
        - pyparsing=3.0.8=pyhd8ed1ab_0
        - python-dateutil=2.8.2=pyhd8ed1ab_0
        - python-fastjsonschema=2.15.3=pyhd8ed1ab_0
        - python_abi=3.9=2_cp39
        - pytz=2022.1=pyhd8ed1ab_0
        - requests=2.27.1=pyhd8ed1ab_0
        - send2trash=1.8.0=pyhd8ed1ab_0
        - six=1.16.0=pyh6c4a22f_0
        - soupsieve=2.3.1=pyhd8ed1ab_0
        - stack_data=0.2.0=pyhd8ed1ab_0
        - tinycss2=1.1.1=pyhd8ed1ab_0
        - tomli=2.0.1=pyhd8ed1ab_0
        - traitlets=5.1.1=pyhd8ed1ab_0
        - typing_extensions=4.2.0=pyha770c72_1
        - tzdata=2022a=h191b570_0
        - urllib3=1.26.9=pyhd8ed1ab_0
        - wcwidth=0.2.5=pyh9f0ad1d_2
        - webencodings=0.5.1=py_1
        - websocket-client=1.3.2=pyhd8ed1ab_0
        - zipp=3.8.0=pyhd8ed1ab_0
      unix:
        - pexpect=4.8.0=pyh9f0ad1d_2
        - ptyprocess=0.7.0=pyhd3deb0d_0
      linux-64:
        - _libgcc_mutex=0.1=conda_forge
        - _openmp_mutex=4.5=2_gnu
        - anyio=3.5.0=py39hf3d152e_0
        - argon2-cffi-bindings=21.2.0=py39hb9d737c_2
        - brotlipy=0.7.0=py39hb9d737c_1004
        - bzip2=1.0.8=h7f98852_4
        - ca-certificates=2021.10.8=ha878542_0
        - certifi=2021.10.8=py39hf3d152e_2
        - cffi=1.15.0=py39h4bc2ebd_0
        - click=8.1.3=py39hf3d152e_0
        - cryptography=36.0.2=py39hd97740a_1
        - debugpy=1.6.0=py39h5a03fae_0
        - icu=68.2=h9c3ff4c_0
        - importlib-metadata=4.11.3=py39hf3d152e_1
        - ipykernel=6.13.0=py39hef51801_0
        - ipython=8.3.0=py39hf3d152e_0
        - jedi=0.18.1=py39hf3d152e_1
        - jupyter_core=4.9.2=py39hf3d152e_0
        - ld_impl_linux-64=2.36.1=hea4e1c9_2
        - libffi=3.4.2=h7f98852_5
        - libgcc-ng=11.2.0=h1d223b6_16
        - libgomp=11.2.0=h1d223b6_16
        - libnsl=2.0.0=h7f98852_0
        - libsodium=1.0.18=h36c2ea0_1
        - libstdcxx-ng=11.2.0=he4da1e4_16
        - libuuid=2.32.1=h7f98852_1000
        - libuv=1.42.0=h7f98852_0
        - libzlib=1.2.11=h166bdaf_1014
        - markupsafe=2.1.1=py39hb9d737c_1
        - mistune=0.8.4=py39h3811e60_1005
        - mypy_extensions=0.4.3=py39hf3d152e_5
        - ncurses=6.3=h27087fc_1
        - nodejs=12.22.6=h8b53aa1_0
        - openssl=1.1.1o=h166bdaf_0
        - pandoc=2.18=ha770c72_0
        - psutil=5.9.0=py39hb9d737c_1
        - pyrsistent=0.18.1=py39hb9d737c_1
        - pysocks=1.7.1=py39hf3d152e_5
        - python=3.9.12=h9a8a25e_1_cpython
        - pyzmq=22.3.0=py39headdf64_2
        - readline=8.1=h46c0cb4_0
        - setuptools=62.1.0=py39hf3d152e_0
        - sniffio=1.2.0=py39hf3d152e_3
        - sqlite=3.38.5=h4ff8645_0
        - terminado=0.13.3=py39hf3d152e_1
        - tk=8.6.12=h27826a3_0
        - tornado=6.1=py39hb9d737c_3
        - typed-ast=1.5.3=py39hb9d737c_0
        - xz=5.2.5=h516909a_1
        - zeromq=4.3.4=h9c3ff4c_1
        - zlib=1.2.11=h166bdaf_1014
      osx-64:
        - anyio=3.5.0=py39h6e9494a_0
        - appnope=0.1.3=pyhd8ed1ab_0
        - argon2-cffi-bindings=21.2.0=py39h63b48b0_2
        - brotlipy=0.7.0=py39h63b48b0_1004
        - bzip2=1.0.8=h0d85af4_4
        - ca-certificates=2021.10.8=h033912b_0
        - certifi=2021.10.8=py39h6e9494a_2
        - cffi=1.15.0=py39he338e87_0
        - click=8.1.3=py39h6e9494a_0
        - cryptography=36.0.2=py39h1644bb1_1
        - debugpy=1.6.0=py39hfd1d529_0
        - icu=68.2=he49afe7_0
        - importlib-metadata=4.11.3=py39h6e9494a_1
        - ipykernel=6.13.0=py39h71a6800_0
        - ipython=8.3.0=py39h6e9494a_0
        - jedi=0.18.1=py39h6e9494a_1
        - jupyter_core=4.9.2=py39h6e9494a_0
        - libcxx=14.0.3=hc203e6f_0
        - libffi=3.4.2=h0d85af4_5
        - libsodium=1.0.18=hbcb3906_1
        - libuv=1.42.0=h0d85af4_0
        - libzlib=1.2.11=h6c3fc93_1014
        - markupsafe=2.1.1=py39h63b48b0_1
        - mistune=0.8.4=py39h89e85a6_1005
        - mypy_extensions=0.4.3=py39h6e9494a_5
        - ncurses=6.3=h96cf925_1
        - nodejs=12.22.6=hf294227_0
        - openssl=1.1.1o=hfe4f2af_0
        - pandoc=2.18=h694c41f_0
        - psutil=5.9.0=py39h63b48b0_1
        - pyrsistent=0.18.1=py39h63b48b0_1
        - pysocks=1.7.1=py39h6e9494a_5
        - python=3.9.12=h8b4d769_1_cpython
        - pyzmq=22.3.0=py39hc2dc7ec_2
        - readline=8.1=h05e3726_0
        - setuptools=62.1.0=py39h6e9494a_0
        - sniffio=1.2.0=py39h6e9494a_3
        - sqlite=3.38.5=hd9f0692_0
        - terminado=0.13.3=py39h6e9494a_1
        - tk=8.6.12=h5dbffcc_0
        - tornado=6.1=py39h63b48b0_3
        - typed-ast=1.5.3=py39h63b48b0_0
        - xz=5.2.5=haf1e3a3_1
        - zeromq=4.3.4=he49afe7_1
        - zlib=1.2.11=h6c3fc93_1014
      win-64:
        - anyio=3.5.0=py39hcbf5309_0
        - argon2-cffi-bindings=21.2.0=py39hb82d6ee_2
        - brotlipy=0.7.0=py39hb82d6ee_1004
        - bzip2=1.0.8=h8ffe710_4
        - ca-certificates=2021.10.8=h5b45459_0
        - certifi=2021.10.8=py39hcbf5309_2
        - cffi=1.15.0=py39h0878f49_0
        - click=8.1.3=py39hcbf5309_0
        - colorama=0.4.4=pyh9f0ad1d_0
        - cryptography=36.0.2=py39h7bc7c5c_1
        - debugpy=1.6.0=py39h415ef7b_0
        - importlib-metadata=4.11.3=py39hcbf5309_1
        - ipykernel=6.13.0=py39h832f523_0
        - ipython=8.3.0=py39hcbf5309_0
        - jedi=0.18.1=py39hcbf5309_1
        - jupyter_core=4.9.2=py39hcbf5309_0
        - libffi=3.4.2=h8ffe710_5
        - libsodium=1.0.18=h8d14728_1
        - libzlib=1.2.11=h8ffe710_1014
        - markupsafe=2.1.1=py39hb82d6ee_1
        - mistune=0.8.4=py39hb82d6ee_1005
        - mypy_extensions=0.4.3=py39hcbf5309_5
        - nodejs=12.22.6=h57928b3_0
        - openssl=1.1.1o=h8ffe710_0
        - pandoc=2.18=h57928b3_0
        - psutil=5.9.0=py39hb82d6ee_1
        - pyrsistent=0.18.1=py39hb82d6ee_1
        - pysocks=1.7.1=py39hcbf5309_5
        - python=3.9.12=h9a09f29_1_cpython
        - pywin32=303=py39hb82d6ee_0
        - pywinpty=2.0.5=py39h99910a6_1
        - pyzmq=22.3.0=py39he46f08e_2
        - setuptools=62.1.0=py39hcbf5309_0
        - sniffio=1.2.0=py39hcbf5309_3
        - sqlite=3.38.5=h8ffe710_0
        - terminado=0.13.3=py39hcbf5309_1
        - tk=8.6.12=h8ffe710_0
        - tornado=6.1=py39hb82d6ee_3
        - typed-ast=1.5.3=py39hb82d6ee_0
        - ucrt=10.0.20348.0=h57928b3_0
        - vc=14.2=hb210afc_6
        - vs2015_runtime=14.29.30037=h902a5da_6
        - win_inet_pton=1.1.0=py39hcbf5309_4
        - winpty=0.4.3=4
        - xz=5.2.5=h62dcd97_1
        - zeromq=4.3.4=h0e60522_1
  build:
    locked: true
    env_spec_hash: abcdcae6651e48c760b642397bcd82ff40d52fc9
    platforms:
      - linux-64
      - osx-64
      - win-64
    packages:
      all:
        - bleach=5.0.0=pyhd8ed1ab_0
        - charset-normalizer=2.0.12=pyhd8ed1ab_0
        - colorama=0.4.4=pyh9f0ad1d_0
        - commonmark=0.9.1=py_0
        - dataclasses=0.8=pyhc8e2a94_3
        - idna=3.3=pyhd8ed1ab_0
        - importlib_metadata=4.11.3=hd8ed1ab_1
        - packaging=21.3=pyhd8ed1ab_0
        - pip=22.0.4=pyhd8ed1ab_0
        - pkginfo=1.8.2=pyhd8ed1ab_0
        - pycparser=2.21=pyhd8ed1ab_0
        - pygments=2.12.0=pyhd8ed1ab_0
        - pyopenssl=22.0.0=pyhd8ed1ab_0
        - pyparsing=3.0.8=pyhd8ed1ab_0
        - python_abi=3.9=2_cp39
        - readme_renderer=35.0=pyhd8ed1ab_0
        - requests-toolbelt=0.9.1=py_0
        - requests=2.27.1=pyhd8ed1ab_0
        - rfc3986=2.0.0=pyhd8ed1ab_0
        - rich=12.4.1=pyhd8ed1ab_0
        - six=1.16.0=pyh6c4a22f_0
        - tqdm=4.64.0=pyhd8ed1ab_0
        - twine=4.0.0=pyhd8ed1ab_0
        - typing_extensions=4.2.0=pyha770c72_1
        - tzdata=2022a=h191b570_0
        - urllib3=1.26.9=pyhd8ed1ab_0
        - webencodings=0.5.1=py_1
        - wheel=0.37.1=pyhd8ed1ab_0
        - zipp=3.8.0=pyhd8ed1ab_0
      linux-64:
        - _libgcc_mutex=0.1=conda_forge
        - _openmp_mutex=4.5=2_gnu
        - brotlipy=0.7.0=py39hb9d737c_1004
        - bzip2=1.0.8=h7f98852_4
        - ca-certificates=2021.10.8=ha878542_0
        - certifi=2021.10.8=py39hf3d152e_2
        - cffi=1.15.0=py39h4bc2ebd_0
        - cmarkgfm=0.8.0=py39hb9d737c_1
        - conda-package-handling=1.8.1=py39hb9d737c_1
        - conda=4.12.0=py39hf3d152e_0
        - cryptography=36.0.2=py39hd97740a_1
        - dbus=1.13.6=h5008d03_3
        - docutils=0.18.1=py39hf3d152e_1
        - expat=2.4.8=h27087fc_0
        - future=0.18.2=py39hf3d152e_5
        - gettext=0.19.8.1=h73d1719_1008
        - importlib-metadata=4.11.3=py39hf3d152e_1
        - jeepney=0.8.0=pyhd8ed1ab_0
        - keyring=23.4.0=py39hf3d152e_2
        - ld_impl_linux-64=2.36.1=hea4e1c9_2
        - libffi=3.4.2=h7f98852_5
        - libgcc-ng=11.2.0=h1d223b6_16
        - libglib=2.70.2=h174f98d_4
        - libgomp=11.2.0=h1d223b6_16
        - libiconv=1.16=h516909a_0
        - libnsl=2.0.0=h7f98852_0
        - libstdcxx-ng=11.2.0=he4da1e4_16
        - libuuid=2.32.1=h7f98852_1000
        - libzlib=1.2.11=h166bdaf_1014
        - ncurses=6.3=h27087fc_1
        - openssl=1.1.1o=h166bdaf_0
        - pcre=8.45=h9c3ff4c_0
        - pycosat=0.6.3=py39hb9d737c_1010
        - pysocks=1.7.1=py39hf3d152e_5
        - python=3.9.12=h9a8a25e_1_cpython
        - readline=8.1=h46c0cb4_0
        - ruamel_yaml=0.15.80=py39h3811e60_1006
        - secretstorage=3.3.2=py39hf3d152e_1
        - setuptools=62.1.0=py39hf3d152e_0
        - sqlite=3.38.5=h4ff8645_0
        - tk=8.6.12=h27826a3_0
        - xz=5.2.5=h516909a_1
        - yaml=0.2.5=h7f98852_2
        - zlib=1.2.11=h166bdaf_1014
      osx-64:
        - brotlipy=0.7.0=py39h63b48b0_1004
        - bzip2=1.0.8=h0d85af4_4
        - ca-certificates=2021.10.8=h033912b_0
        - certifi=2021.10.8=py39h6e9494a_2
        - cffi=1.15.0=py39he338e87_0
        - cmarkgfm=0.8.0=py39h63b48b0_1
        - conda-package-handling=1.8.1=py39h63b48b0_1
        - conda=4.12.0=py39h6e9494a_0
        - cryptography=36.0.2=py39h1644bb1_1
        - docutils=0.18.1=py39h6e9494a_1
        - future=0.18.2=py39h6e9494a_5
        - importlib-metadata=4.11.3=py39h6e9494a_1
        - keyring=23.4.0=py39h6e9494a_2
        - libffi=3.4.2=h0d85af4_5
        - libzlib=1.2.11=h6c3fc93_1014
        - ncurses=6.3=h96cf925_1
        - openssl=1.1.1o=hfe4f2af_0
        - pycosat=0.6.3=py39h63b48b0_1010
        - pysocks=1.7.1=py39h6e9494a_5
        - python=3.9.12=h8b4d769_1_cpython
        - readline=8.1=h05e3726_0
        - ruamel_yaml=0.15.80=py39h89e85a6_1006
        - setuptools=62.1.0=py39h6e9494a_0
        - sqlite=3.38.5=hd9f0692_0
        - tk=8.6.12=h5dbffcc_0
        - xz=5.2.5=haf1e3a3_1
        - yaml=0.2.5=h0d85af4_2
        - zlib=1.2.11=h6c3fc93_1014
      win-64:
        - brotlipy=0.7.0=py39hb82d6ee_1004
        - bzip2=1.0.8=h8ffe710_4
        - ca-certificates=2021.10.8=h5b45459_0
        - certifi=2021.10.8=py39hcbf5309_2
        - cffi=1.15.0=py39h0878f49_0
        - cmarkgfm=0.8.0=py39hb82d6ee_1
        - conda-package-handling=1.8.1=py39hb3671d1_1
        - conda=4.12.0=py39hcbf5309_0
        - cryptography=36.0.2=py39h7bc7c5c_1
        - docutils=0.18.1=py39hcbf5309_1
        - future=0.18.2=py39hcbf5309_5
        - importlib-metadata=4.11.3=py39hcbf5309_1
        - keyring=23.4.0=py39hcbf5309_2
        - libffi=3.4.2=h8ffe710_5
        - libzlib=1.2.11=h8ffe710_1014
        - menuinst=1.4.18=py39hcbf5309_1
        - openssl=1.1.1o=h8ffe710_0
        - pycosat=0.6.3=py39hb82d6ee_1010
        - pysocks=1.7.1=py39hcbf5309_5
        - python=3.9.12=h9a09f29_1_cpython
        - pywin32-ctypes=0.2.0=py39hcbf5309_1005
        - pywin32=303=py39hb82d6ee_0
        - ruamel_yaml=0.15.80=py39hb82d6ee_1006
        - setuptools=62.1.0=py39hcbf5309_0
        - sqlite=3.38.5=h8ffe710_0
        - tk=8.6.12=h8ffe710_0
        - ucrt=10.0.20348.0=h57928b3_0
        - vc=14.2=hb210afc_6
        - vs2015_runtime=14.29.30037=h902a5da_6
        - win_inet_pton=1.1.0=py39hcbf5309_4
        - xz=5.2.5=h62dcd97_1
        - yaml=0.2.5=h8ffe710_2
