# This is an Anaconda project lock file.
# The lock file locks down exact versions of all your dependencies.
#
# In most cases, this file is automatically maintained by the `anaconda-project` command or GUI tools.
# It's best to keep this file in revision control (such as git or svn).
# The file is in YAML format, please see http://www.yaml.org/start.html for more.
#

#
# Set to false to ignore locked versions.
#
locking_enabled: true

#
# A key goes in here for each env spec.
#
env_specs:
  ipyradiant:
    locked: false
  dev:
    locked: true
    env_spec_hash: fd65bd54403996a9d884cd1c06a3f3b80e0cce5d
    platforms:
    - linux-64
    - osx-64
    - win-64
    packages:
      all:
      - attrs=19.3.0=py_0
      - backcall=0.2.0=pyh9f0ad1d_0
      - backports.functools_lru_cache=1.6.1=py_0
      - backports=1.0=py_2
      - bleach=3.1.5=pyh9f0ad1d_0
      - bokeh=2.1.1=py37hc8dfbb8_0
      - bqplot=0.12.14=pyh9f0ad1d_0
      - ca-certificates=2020.6.20=hecda079_0
      - certifi=2020.6.20=py37hc8dfbb8_0
      - chardet=3.0.4=py37hc8dfbb8_1006
      - click=7.1.2=pyh9f0ad1d_0
      - cloudpickle=1.5.0=py_0
      - colorcet=2.0.1=py_0
      - dask-core=2.21.0=py_0
      - dask=2.21.0=py_0
      - datashader=0.11.0=pyh9f0ad1d_0
      - datashape=0.5.4=py_1
      - decorator=4.4.2=py_0
      - defusedxml=0.6.0=py_0
      - distributed=2.21.0=py37hc8dfbb8_0
      - entrypoints=0.3=py37hc8dfbb8_1001
      - fsspec=0.7.4=py_0
      - heapdict=1.0.1=py_0
      - html5lib=1.1=pyh9f0ad1d_0
      - idna=2.10=pyh9f0ad1d_0
      - importlib-metadata=1.7.0=py37hc8dfbb8_0
      - importlib_metadata=1.7.0=0
      - iniconfig=1.0.0=pyh9f0ad1d_0
      - ipycytoscape=1.0.3=py_0
      - ipython=7.16.1=py37h43977f1_0
      - ipython_genutils=0.2.0=py_1
      - ipywidgets=7.5.1=py_0
      - isodate=0.6.0=py_1
      - jedi=0.17.2=py37hc8dfbb8_0
      - jinja2=2.11.2=pyh9f0ad1d_0
      - json5=0.9.4=pyh9f0ad1d_0
      - jsonschema=3.2.0=py37hc8dfbb8_1
      - jupyter_bokeh=2.0.3=py_0
      - jupyter_client=6.1.6=py_0
      - jupyter_core=4.6.3=py37hc8dfbb8_1
      - jupyterlab=2.2.2=py_0
      - jupyterlab_server=1.2.0=py_0
      - keepalive=0.5=py_1
      - locket=0.2.0=py_2
      - more-itertools=8.4.0=py_0
      - multipledispatch=0.6.0=py_0
      - nbconvert=5.6.1=py37hc8dfbb8_1
      - nbformat=5.0.7=py_0
      - networkx=2.4=py_1
      - notebook=6.0.3=py37hc8dfbb8_1
      - olefile=0.46=py_0
      - owlrl=5.2.1=py_0
      - packaging=20.4=pyh9f0ad1d_0
      - pandocfilters=1.4.2=py_1
      - param=1.9.3=py_0
      - parso=0.7.1=pyh9f0ad1d_0
      - partd=1.1.0=py_0
      - pickleshare=0.7.5=py37hc8dfbb8_1001
      - pip=20.2=py_0
      - pluggy=0.13.1=py37hc8dfbb8_2
      - prometheus_client=0.8.0=pyh9f0ad1d_0
      - prompt-toolkit=3.0.5=py_1
      - py=1.9.0=pyh9f0ad1d_0
      - pycparser=2.20=pyh9f0ad1d_2
      - pyct-core=0.4.6=py_0
      - pyct=0.4.6=py_0
      - pygments=2.6.1=py_0
      - pyld=1.0.4=py_0
      - pyopenssl=19.1.0=py_1
      - pyparsing=2.4.7=pyh9f0ad1d_0
      - pyshacl=0.12.1.post2=py_0
      - pysocks=1.7.1=py37hc8dfbb8_1
      - pytest-cov=2.10.0=pyh9f0ad1d_0
      - pytest=6.0.0=py37hc8dfbb8_0
      - python-dateutil=2.8.1=py_0
      - python_abi=3.7=1_cp37m
      - pytz=2020.1=pyh9f0ad1d_0
      - qgrid=1.3.1=py37hc8dfbb8_0
      - rdflib-jsonld=0.5.0=py37hc8dfbb8_0
      - rdflib=5.0.0=py37hc8dfbb8_2
      - requests=2.24.0=pyh9f0ad1d_0
      - requests_cache=0.4.13=py_0
      - send2trash=1.5.0=py_0
      - setuptools=49.2.0=py37hc8dfbb8_0
      - six=1.15.0=pyh9f0ad1d_0
      - sortedcontainers=2.2.2=pyh9f0ad1d_0
      - sparqlwrapper=1.8.5=py37hc8dfbb8_1003
      - spectate=0.4.1=pyh9f0ad1d_0
      - tblib=1.6.0=py_0
      - terminado=0.8.3=py37hc8dfbb8_1
      - testpath=0.4.4=py_0
      - toml=0.10.1=pyh9f0ad1d_0
      - toolz=0.10.0=py_0
      - traitlets=4.3.3=py37hc8dfbb8_1
      - traittypes=0.2.1=py_1
      - typing_extensions=3.7.4.2=py_0
      - urllib3=1.25.10=py_0
      - wcwidth=0.2.5=pyh9f0ad1d_1
      - webencodings=0.5.1=py_1
      - wheel=0.34.2=py_1
      - widgetsnbextension=3.5.1=py37hc8dfbb8_1
      - xarray=0.16.0=py_0
      - zict=2.0.0=py_0
      - zipp=3.1.0=py_0
      unix:
      - ipykernel=5.3.4=py37h43977f1_0
      - libblas=3.8.0=17_openblas
      - libcblas=3.8.0=17_openblas
      - liblapack=3.8.0=17_openblas
      - pexpect=4.8.0=py37hc8dfbb8_1
      - ptyprocess=0.6.0=py_1001
      linux-64:
      - _libgcc_mutex=0.1=conda_forge
      - _openmp_mutex=4.5=0_gnu
      - brotlipy=0.7.0=py37h8f50634_1000
      - cffi=1.14.1=py37h2b28604_0
      - coverage=5.2.1=py37h8f50634_0
      - cryptography=3.0=py37hb09aad4_0
      - cytoolz=0.10.1=py37h516909a_0
      - freetype=2.10.2=he06d7ca_0
      - icu=64.2=he1b5a44_1
      - jpeg=9d=h516909a_0
      - lcms2=2.11=hbd6801e_0
      - ld_impl_linux-64=2.34=hc38a660_9
      - libffi=3.2.1=he1b5a44_1007
      - libgcc-ng=9.3.0=h24d8f2e_11
      - libgfortran-ng=7.5.0=hdf63c60_11
      - libgomp=9.3.0=h24d8f2e_11
      - libllvm8=8.0.1=hc9558a2_0
      - libopenblas=0.3.10=pthreads_hb3c22a3_4
      - libpng=1.6.37=hed695b0_1
      - libsodium=1.0.17=h516909a_0
      - libstdcxx-ng=9.3.0=hdf63c60_11
      - libtiff=4.1.0=hc7e4089_6
      - libuv=1.34.0=h516909a_0
      - libwebp-base=1.1.0=h516909a_3
      - llvmlite=0.31.0=py37h5202443_1
      - lz4-c=1.9.2=he1b5a44_1
      - markupsafe=1.1.1=py37h8f50634_1
      - mistune=0.8.4=py37h8f50634_1001
      - msgpack-python=1.0.0=py37h99015e2_1
      - ncurses=6.2=he1b5a44_1
      - nodejs=12.16.1=h67efad7_0
      - numba=0.48.0=py37hb3f55d8_0
      - numpy=1.19.1=py37h8960a57_0
      - openssl=1.1.1g=h516909a_1
      - pandas=1.1.0=py37h3340039_0
      - pandoc=2.10.1=h516909a_0
      - pillow=7.2.0=py37h718be6c_1
      - psutil=5.7.2=py37h8f50634_0
      - pyrsistent=0.16.0=py37h8f50634_0
      - python=3.7.8=h6f2ec95_0_cpython
      - pyyaml=5.3.1=py37h8f50634_0
      - pyzmq=19.0.1=py37hac76be4_0
      - readline=8.0=he28a2e2_2
      - scipy=1.5.2=py37hb14ef9d_0
      - sqlite=3.32.3=hcee41ef_1
      - tk=8.6.10=hed695b0_0
      - tornado=6.0.4=py37h8f50634_1
      - xz=5.2.5=h516909a_1
      - yaml=0.2.5=h516909a_0
      - zeromq=4.3.2=he1b5a44_2
      - zlib=1.2.11=h516909a_1006
      - zstd=1.4.5=h6597ccf_2
      osx-64:
      - appnope=0.1.0=py37hc8dfbb8_1001
      - brotlipy=0.7.0=py37h9bfed18_1000
      - cffi=1.14.1=py37hf5b7abd_0
      - coverage=5.2.1=py37h60d8a13_0
      - cryptography=3.0=py37h94e4008_0
      - cytoolz=0.10.1=py37h0b31af3_0
      - freetype=2.10.2=h8da9a1a_0
      - icu=64.2=h6de7cb9_1
      - jpeg=9d=h0b31af3_0
      - lcms2=2.11=h174193d_0
      - libcxx=10.0.1=h5f48129_0
      - libffi=3.2.1=h4a8c4bd_1007
      - libgfortran=4.0.0=2
      - libllvm8=8.0.1=h770b8ee_0
      - libopenblas=0.3.10=openmp_h63d9170_4
      - libpng=1.6.37=hbbe82c9_1
      - libsodium=1.0.17=h01d97ff_0
      - libtiff=4.1.0=h2ae36a8_6
      - libuv=1.34.0=h0b31af3_0
      - libwebp-base=1.1.0=h0b31af3_3
      - llvm-openmp=10.0.1=h28b9765_0
      - llvmlite=0.31.0=py37hb548287_1
      - lz4-c=1.9.2=h4a8c4bd_1
      - markupsafe=1.1.1=py37h9bfed18_1
      - mistune=0.8.4=py37h9bfed18_1001
      - msgpack-python=1.0.0=py37ha1cc60f_1
      - ncurses=6.2=hb1e8313_1
      - nodejs=12.16.1=h64044b7_0
      - numba=0.48.0=py37h4f17bb1_0
      - numpy=1.19.1=py37h7e69742_0
      - openssl=1.1.1g=h0b31af3_1
      - pandas=1.1.0=py37hdadc0f0_0
      - pandoc=2.10.1=haf1e3a3_0
      - pillow=7.2.0=py37hfd78ece_1
      - psutil=5.7.2=py37h60d8a13_0
      - pyrsistent=0.16.0=py37h9bfed18_0
      - python=3.7.8=ha0cf8a8_0_cpython
      - pyyaml=5.3.1=py37h9bfed18_0
      - pyzmq=19.0.1=py37haec44b1_0
      - readline=8.0=h0678c8f_2
      - scipy=1.5.2=py37h2702c91_0
      - sqlite=3.32.3=h93121df_1
      - tk=8.6.10=hbbe82c9_0
      - tornado=6.0.4=py37h9bfed18_1
      - xz=5.2.5=h0b31af3_1
      - yaml=0.2.5=h0b31af3_0
      - zeromq=4.3.2=h6de7cb9_2
      - zlib=1.2.11=h0b31af3_1006
      - zstd=1.4.5=h0384e3a_2
      win-64:
      - atomicwrites=1.4.0=pyh9f0ad1d_0
      - blas=1.0=mkl
      - brotlipy=0.7.0=py37h4ab8f01_1000
      - cffi=1.14.1=py37h26f1ce3_0
      - colorama=0.4.3=py_0
      - coverage=5.2.1=py37h4ab8f01_0
      - cryptography=3.0=py37h26f1ce3_0
      - cytoolz=0.10.1=py37hfa6e2cd_0
      - freetype=2.10.2=hd328e21_0
      - icc_rt=2019.0.0=h0cc432a_1
      - intel-openmp=2019.4=245
      - ipykernel=5.3.4=py37h5ca1d4c_0
      - jpeg=9d=he774522_0
      - libblas=3.8.0=14_mkl
      - libcblas=3.8.0=14_mkl
      - liblapack=3.8.0=14_mkl
      - libpng=1.6.37=hfe6a214_1
      - libsodium=1.0.17=h2fa13f4_0
      - libtiff=4.1.0=h885aae3_6
      - llvmlite=0.31.0=py37hc8dfbb8_1
      - lz4-c=1.9.2=h62dcd97_1
      - m2w64-gcc-libgfortran=5.3.0=6
      - m2w64-gcc-libs-core=5.3.0=7
      - m2w64-gcc-libs=5.3.0=7
      - m2w64-gmp=6.1.0=2
      - m2w64-libwinpthread-git=5.0.0.4634.697f757=2
      - markupsafe=1.1.1=py37h8055547_1
      - mistune=0.8.4=py37h8055547_1001
      - mkl-service=2.3.0=py37hfa6e2cd_0
      - mkl=2019.4=245
      - msgpack-python=1.0.0=py37heaa310e_1
      - msys2-conda-epoch=20160418=1
      - nodejs=12.16.1=0
      - numba=0.48.0=py37he350917_0
      - numpy=1.19.1=py37hae9e721_0
      - openssl=1.1.1g=he774522_1
      - pandas=1.1.0=py37h1834ac0_0
      - pandoc=2.10.1=he774522_0
      - pillow=7.2.0=py37hc826c6e_1
      - psutil=5.7.2=py37h4ab8f01_0
      - pyrsistent=0.16.0=py37h8055547_0
      - python=3.7.8=h60c2a47_0_cpython
      - pywin32=227=py37hfa6e2cd_0
      - pywinpty=0.5.7=py37_0
      - pyyaml=5.3.1=py37h8055547_0
      - pyzmq=19.0.1=py37h453f00a_0
      - scipy=1.5.0=py37h9439919_0
      - sqlite=3.32.3=he774522_1
      - tk=8.6.10=hfa6e2cd_0
      - tornado=6.0.4=py37hfa6e2cd_0
      - vc=14.1=h869be7e_1
      - vs2015_runtime=14.16.27012=h30e32a0_2
      - win_inet_pton=1.1.0=py37_0
      - wincertstore=0.2=py37_1003
      - winpty=0.4.3=4
      - xz=5.2.5=h62dcd97_1
      - yaml=0.2.5=he774522_0
      - zeromq=4.3.2=ha925a31_3
      - zlib=1.2.11=h2fa13f4_1006
      - zstd=1.4.5=h1f3a1b7_2
  qa:
    locked: true
    env_spec_hash: a043d57ef4fece6b8cf2e643361a2c38488f520a
    platforms:
    - linux-64
    - osx-64
    - win-64
    packages:
      all:
      - appdirs=1.4.3=py_1
      - attrs=19.3.0=py_0
      - black=19.10b0=py_3
      - ca-certificates=2020.6.20=hecda079_0
      - certifi=2020.6.20=py37hc8dfbb8_0
      - click=7.1.2=pyh9f0ad1d_0
      - decorator=4.4.2=py_0
      - flake8=3.8.3=py_1
      - importlib-metadata=1.7.0=py37hc8dfbb8_0
      - importlib_metadata=1.7.0=0
      - ipython_genutils=0.2.0=py_1
      - isort=4.3.21=py37hc8dfbb8_1
      - jsonschema=3.2.0=py37hc8dfbb8_1
      - jupyter_core=4.6.3=py37hc8dfbb8_1
      - mccabe=0.6.1=py_1
      - nbformat=5.0.7=py_0
      - pathspec=0.8.0=pyh9f0ad1d_0
      - pip=20.2=py_0
      - pycodestyle=2.6.0=pyh9f0ad1d_0
      - pyflakes=2.2.0=pyh9f0ad1d_0
      - python_abi=3.7=1_cp37m
      - setuptools=49.2.0=py37hc8dfbb8_0
      - six=1.15.0=pyh9f0ad1d_0
      - toml=0.10.1=pyh9f0ad1d_0
      - traitlets=4.3.3=py37hc8dfbb8_1
      - wheel=0.34.2=py_1
      - zipp=3.1.0=py_0
      linux-64:
      - _libgcc_mutex=0.1=conda_forge
      - _openmp_mutex=4.5=0_gnu
      - icu=64.2=he1b5a44_1
      - ld_impl_linux-64=2.34=hc38a660_9
      - libffi=3.2.1=he1b5a44_1007
      - libgcc-ng=9.3.0=h24d8f2e_11
      - libgomp=9.3.0=h24d8f2e_11
      - libstdcxx-ng=9.3.0=hdf63c60_11
      - libuv=1.34.0=h516909a_0
      - ncurses=6.2=he1b5a44_1
      - nodejs=12.16.1=h67efad7_0
      - openssl=1.1.1g=h516909a_1
      - pyrsistent=0.16.0=py37h8f50634_0
      - python=3.7.8=h6f2ec95_0_cpython
      - readline=8.0=he28a2e2_2
      - regex=2020.7.14=py37h8f50634_0
      - sqlite=3.32.3=hcee41ef_1
      - tk=8.6.10=hed695b0_0
      - typed-ast=1.4.1=py37h516909a_0
      - xz=5.2.5=h516909a_1
      - zlib=1.2.11=h516909a_1006
      osx-64:
      - icu=64.2=h6de7cb9_1
      - libcxx=10.0.1=h5f48129_0
      - libffi=3.2.1=h4a8c4bd_1007
      - libuv=1.34.0=h0b31af3_0
      - ncurses=6.2=hb1e8313_1
      - nodejs=12.16.1=h64044b7_0
      - openssl=1.1.1g=h0b31af3_1
      - pyrsistent=0.16.0=py37h9bfed18_0
      - python=3.7.8=ha0cf8a8_0_cpython
      - readline=8.0=h0678c8f_2
      - regex=2020.7.14=py37h60d8a13_0
      - sqlite=3.32.3=h93121df_1
      - tk=8.6.10=hbbe82c9_0
      - typed-ast=1.4.1=py37h0b31af3_0
      - xz=5.2.5=h0b31af3_1
      - zlib=1.2.11=h0b31af3_1006
      win-64:
      - nodejs=12.16.1=0
      - openssl=1.1.1g=he774522_1
      - pyrsistent=0.16.0=py37h8055547_0
      - python=3.7.8=h60c2a47_0_cpython
      - pywin32=227=py37hfa6e2cd_0
      - regex=2020.7.14=py37h4ab8f01_0
      - sqlite=3.32.3=he774522_1
      - typed-ast=1.4.1=py37hfa6e2cd_0
      - vc=14.1=h869be7e_1
      - vs2015_runtime=14.16.27012=h30e32a0_2
      - wincertstore=0.2=py37_1003
  build:
    locked: true
    env_spec_hash: 17a40cd9a71e203697f2b6761ac9dbf31826c685
    platforms:
    - linux-64
    - osx-64
    - win-64
    packages:
      all:
      - beautifulsoup4=4.9.1=py37hc8dfbb8_0
      - ca-certificates=2020.6.20=hecda079_0
      - certifi=2020.6.20=py37hc8dfbb8_0
      - chardet=3.0.4=py37hc8dfbb8_1006
      - click=7.1.2=pyh9f0ad1d_0
      - conda-build=3.18.11=py37_0
      - conda-verify=3.1.1=py37hc8dfbb8_1001
      - conda=4.8.3=py37hc8dfbb8_1
      - filelock=3.0.12=pyh9f0ad1d_0
      - future=0.18.2=py37hc8dfbb8_1
      - glob2=0.7=py_0
      - idna=2.10=pyh9f0ad1d_0
      - jinja2=2.11.2=pyh9f0ad1d_0
      - pip=20.2=py_0
      - pkginfo=1.5.0.1=py_0
      - pycparser=2.20=pyh9f0ad1d_2
      - pyopenssl=19.1.0=py_1
      - pysocks=1.7.1=py37hc8dfbb8_1
      - python-libarchive-c=2.9=py37_0
      - python_abi=3.7=1_cp37m
      - pytz=2020.1=pyh9f0ad1d_0
      - requests=2.24.0=pyh9f0ad1d_0
      - setuptools=49.2.0=py37hc8dfbb8_0
      - six=1.15.0=pyh9f0ad1d_0
      - soupsieve=2.0.1=py37hc8dfbb8_0
      - tqdm=4.48.0=pyh9f0ad1d_0
      - urllib3=1.25.10=py_0
      - wheel=0.34.2=py_1
      linux-64:
      - _libgcc_mutex=0.1=conda_forge
      - _openmp_mutex=4.5=0_gnu
      - brotlipy=0.7.0=py37h8f50634_1000
      - bzip2=1.0.8=h516909a_2
      - cffi=1.14.1=py37h2b28604_0
      - conda-package-handling=1.6.0=py37h8f50634_2
      - cryptography=3.0=py37hb09aad4_0
      - icu=67.1=he1b5a44_0
      - ld_impl_linux-64=2.34=hc38a660_9
      - libarchive=3.3.3=h3a8160c_1008
      - libffi=3.2.1=he1b5a44_1007
      - libgcc-ng=9.3.0=h24d8f2e_11
      - libgomp=9.3.0=h24d8f2e_11
      - libiconv=1.15=h516909a_1006
      - liblief=0.10.1=he1b5a44_0
      - libstdcxx-ng=9.3.0=hdf63c60_11
      - libxml2=2.9.10=h72b56ed_2
      - lz4-c=1.9.2=he1b5a44_1
      - lzo=2.10=h14c3975_1000
      - markupsafe=1.1.1=py37h8f50634_1
      - ncurses=6.2=he1b5a44_1
      - openssl=1.1.1g=h516909a_1
      - patchelf=0.11=he1b5a44_0
      - psutil=5.7.2=py37h8f50634_0
      - py-lief=0.10.1=py37h3340039_0
      - pycosat=0.6.3=py37h8f50634_1004
      - python=3.7.8=h6f2ec95_0_cpython
      - pyyaml=5.3.1=py37h8f50634_0
      - readline=8.0=he28a2e2_2
      - ripgrep=12.1.1=h516909a_0
      - ruamel_yaml=0.15.80=py37h8f50634_1001
      - sqlite=3.32.3=hcee41ef_1
      - tk=8.6.10=hed695b0_0
      - xz=5.2.5=h516909a_1
      - yaml=0.2.5=h516909a_0
      - zlib=1.2.11=h516909a_1006
      - zstd=1.4.5=h6597ccf_2
      osx-64:
      - brotlipy=0.7.0=py37h9bfed18_1000
      - bzip2=1.0.8=h0b31af3_2
      - cffi=1.14.1=py37hf5b7abd_0
      - conda-package-handling=1.6.0=py37h9bfed18_2
      - cryptography=3.0=py37h94e4008_0
      - icu=67.1=h4a8c4bd_0
      - libarchive=3.3.3=h02796b4_1008
      - libcxx=10.0.1=h5f48129_0
      - libffi=3.2.1=h4a8c4bd_1007
      - libiconv=1.15=h0b31af3_1006
      - liblief=0.10.1=hb1e8313_0
      - libxml2=2.9.10=h7fdee97_2
      - lz4-c=1.9.2=h4a8c4bd_1
      - lzo=2.10=h1de35cc_1000
      - markupsafe=1.1.1=py37h9bfed18_1
      - ncurses=6.2=hb1e8313_1
      - openssl=1.1.1g=h0b31af3_1
      - psutil=5.7.2=py37h60d8a13_0
      - py-lief=0.10.1=py37hd03d408_0
      - pycosat=0.6.3=py37h9bfed18_1004
      - python=3.7.8=ha0cf8a8_0_cpython
      - pyyaml=5.3.1=py37h9bfed18_0
      - readline=8.0=h0678c8f_2
      - ripgrep=12.1.1=h0b31af3_0
      - ruamel_yaml=0.15.80=py37h9bfed18_1001
      - sqlite=3.32.3=h93121df_1
      - tk=8.6.10=hbbe82c9_0
      - xz=5.2.5=h0b31af3_1
      - yaml=0.2.5=h0b31af3_0
      - zlib=1.2.11=h0b31af3_1006
      - zstd=1.4.5=h0384e3a_2
      win-64:
      - brotlipy=0.7.0=py37h4ab8f01_1000
      - bzip2=1.0.8=hfa6e2cd_2
      - cffi=1.14.1=py37h26f1ce3_0
      - conda-package-handling=1.6.0=py37h702c6c1_2
      - cryptography=3.0=py37h26f1ce3_0
      - libarchive=3.3.3=h0c0e0cf_1008
      - libiconv=1.15=hfa6e2cd_1006
      - liblief=0.10.1=ha925a31_0
      - libxml2=2.9.10=h5d81f1c_2
      - lz4-c=1.9.2=h62dcd97_1
      - lzo=2.10=hfa6e2cd_1000
      - m2w64-gcc-libgfortran=5.3.0=6
      - m2w64-gcc-libs-core=5.3.0=7
      - m2w64-gcc-libs=5.3.0=7
      - m2w64-gmp=6.1.0=2
      - m2w64-libwinpthread-git=5.0.0.4634.697f757=2
      - markupsafe=1.1.1=py37h8055547_1
      - menuinst=1.4.16=py37_0
      - msys2-conda-epoch=20160418=1
      - openssl=1.1.1g=he774522_1
      - psutil=5.7.2=py37h4ab8f01_0
      - py-lief=0.10.1=py37ha925a31_0
      - pycosat=0.6.3=py37h8055547_1004
      - python=3.7.8=h60c2a47_0_cpython
      - pywin32=227=py37hfa6e2cd_0
      - pyyaml=5.3.1=py37h8055547_0
      - ripgrep=12.1.1=h301d43c_0
      - ruamel_yaml=0.15.80=py37h8055547_1001
      - sqlite=3.32.3=he774522_1
      - vc=14.1=h869be7e_1
      - vs2015_runtime=14.16.27012=h30e32a0_2
      - win_inet_pton=1.1.0=py37_0
      - wincertstore=0.2=py37_1003
      - xz=5.2.5=h62dcd97_1
      - yaml=0.2.5=he774522_0
      - zlib=1.2.11=h2fa13f4_1006
      - zstd=1.4.5=h1f3a1b7_2
